
Microsoft Visual Studio Solution File, Format Version 12.00
# Visual Studio Version 17
VisualStudioVersion = 17.7.34202.233
MinimumVisualStudioVersion = 10.0.40219.1
Project("{9A19103F-16F7-4668-BE54-9A1E7A4F7556}") = "ERENCAN_TEKIN_19290273_TO_DO_API", "ERENCAN_TEKIN_19290273_TO_DO_API.csproj", "{24C4F0CE-0DB8-4074-9DB0-FFE3C8A938EE}"
EndProject
Global
	GlobalSection(SolutionConfigurationPlatforms) = preSolution
		Debug|Any CPU = Debug|Any CPU
		Release|Any CPU = Release|Any CPU
	EndGlobalSection
	GlobalSection(ProjectConfigurationPlatforms) = postSolution
		{24C4F0CE-0DB8-4074-9DB0-FFE3C8A938EE}.Debug|Any CPU.ActiveCfg = Debug|Any CPU
		{24C4F0CE-0DB8-4074-9DB0-FFE3C8A938EE}.Debug|Any CPU.Build.0 = Debug|Any CPU
		{24C4F0CE-0DB8-4074-9DB0-FFE3C8A938EE}.Release|Any CPU.ActiveCfg = Release|Any CPU
		{24C4F0CE-0DB8-4074-9DB0-FFE3C8A938EE}.Release|Any CPU.Build.0 = Release|Any CPU
	EndGlobalSection
	GlobalSection(SolutionProperties) = preSolution
		HideSolutionNode = FALSE
	EndGlobalSection
	GlobalSection(ExtensibilityGlobals) = postSolution
		SolutionGuid = {2CD5637E-015C-4CC3-882B-A6066D26BC56}
	EndGlobalSection
EndGlobal
